{
    "_meta": {
        "hash": {
            "sha256": "188d8a110aaf3c0ab9f8c26ab0a2b3c6b2784dda481d931119a1016b53c71116"
        },
        "pipfile-spec": 6,
        "requires": {
            "python_version": "2.7"
        },
        "sources": [
            {
                "name": "pypi",
                "url": "https://pypi.python.org/simple",
                "verify_ssl": true
            }
        ]
    },
    "default": {
        "atomicwrites": {
            "hashes": [
                "sha256:240831ea22da9ab882b551b31d4225591e5e447a68c5e188db5b89ca1d487585",
                "sha256:a24da68318b08ac9c9c45029f4a10371ab5b20e4226738e150e6e7c571630ae6"
            ],
            "version": "==1.1.5"
        },
        "attrs": {
            "hashes": [
                "sha256:4b90b09eeeb9b88c35bc642cbac057e45a5fd85367b985bd2809c62b7b939265",
                "sha256:e0d0eb91441a3b53dab4d9b743eafc1ac44476296a2053b6ca3af0b139faf87b"
            ],
            "version": "==18.1.0"
        },
        "django": {
            "hashes": [
                "sha256:36940268c087fede32d3f5887cce9af9e5d27962a0c405aacafc2a3cc1f755c5",
                "sha256:4eda29d8eb0c8b4a836660b5eff78a0d3e0dc6c191e998a14194f2ff51130da3"
            ],
            "index": "pypi",
            "version": "==1.6.5"
        },
        "django-debug-toolbar": {
            "hashes": [
                "sha256:d6bc217b672ddf0e729f76da2df1d4a50d45f1c934239851f7f7ae6a51201f4b"
            ],
            "index": "pypi",
            "version": "==0.9.4"
        },
        "django-markup-deprecated": {
            "hashes": [
                "sha256:9f3d184be85e97cf8e46b7ee450a224b3562fb8311c6243cb534008fd4589542"
            ],
            "index": "pypi",
            "version": "==0.0.3"
        },
        "django-sendmail-backend": {
            "hashes": [
                "sha256:2d077f602aaa37633acdbf35f28f5799d6b57c8bc2122d193762d70c7d92b3ad"
            ],
            "index": "pypi",
            "version": "==0.1.2"
        },
        "django-xmlrpc": {
            "hashes": [
                "sha256:16384a5115e9407b0e1df1b4a950a974fcdd8cd49aaea1a4508e4111a1b7febb"
            ],
            "index": "pypi",
            "version": "==0.1.4"
        },
        "docutils": {
            "hashes": [
                "sha256:e89f187dbbc6674f839239c89fec44af9f18809b66a8a55a41b57b9ee2356994"
            ],
            "index": "pypi",
            "version": "==0.9.1"
        },
        "fabric": {
            "hashes": [
                "sha256:e81c7d510ff8d9334d0fd8993c931e3ee759883d00cf29d1eecd4c6ca6d82029"
            ],
            "index": "pypi",
            "version": "==1.4.3"
        },
        "flup": {
            "hashes": [
                "sha256:6649cf41854ea8782c795cdde64fdf79a90db821533d3652f91d21b0a7f39c79",
                "sha256:a306d8acefb8aa8bb5ba6aba347533b4a32dd8aba1d121375dd26127c8c1eb67",
                "sha256:b457a8ab70a240909535f6d7d4a01db8e9600a8a6de618d8dc36978524ba58cf",
                "sha256:f17f1660ffefa80f3961967cbbce9c4012a485c18a5ccaa330863a6f28bf70a5"
            ],
            "index": "pypi",
            "version": "==1.0.3.dev20110405"
        },
        "funcsigs": {
            "hashes": [
                "sha256:330cc27ccbf7f1e992e69fef78261dc7c6569012cf397db8d3de0234e6c937ca",
                "sha256:a7bb0f2cf3a3fd1ab2732cb49eba4252c2af4240442415b4abce3b87022a8f50"
            ],
            "markers": "python_version < '3.0'",
            "version": "==1.0.2"
        },
        "lxml": {
            "hashes": [
                "sha256:d019a6a49cf02d9cc09eb0b0884191ccf8c0a37670d2c07e1b6741b78887171c"
            ],
            "index": "pypi",
            "version": "==3.3.0b2"
        },
        "more-itertools": {
            "hashes": [
                "sha256:2b6b9893337bfd9166bee6a62c2b0c9fe7735dcf85948b387ec8cba30e85d8e8",
                "sha256:6703844a52d3588f951883005efcf555e49566a48afd4db4e965d69b883980d3",
                "sha256:a18d870ef2ffca2b8463c0070ad17b5978056f403fb64e3f15fe62a52db21cc0"
            ],
            "version": "==4.2.0"
        },
        "mysql-python": {
            "hashes": [
                "sha256:7de66fbbf923634e7c965aeaefa74642ba75ae20ee1cefcefc3009595b7a7e6e"
            ],
            "index": "pypi",
            "version": "==1.2.3"
        },
        "pluggy": {
            "hashes": [
                "sha256:7f8ae7f5bdf75671a718d2daf0a64b7885f74510bcd98b1a0bb420eb9a9d0cff",
                "sha256:d345c8fe681115900d6da8d048ba67c25df42973bda370783cd58826442dcd7c",
                "sha256:e160a7fcf25762bb60efc7e171d4497ff1d8d2d75a3d0df7a21b76821ecbf5c5"
            ],
            "version": "==0.6.0"
        },
        "py": {
            "hashes": [
                "sha256:3fd59af7435864e1a243790d322d763925431213b6b8529c6ca71081ace3bbf7",
                "sha256:e31fb2767eb657cbde86c454f02e99cb846d3cd9d61b318525140214fdc0e98e"
            ],
            "version": "==1.5.4"
        },
        "pycrypto": {
            "hashes": [
                "sha256:f2ce1e989b272cfcb677616763e0a2e7ec659effa67a88aa92b3a65528f60a3c"
            ],
            "version": "==2.6.1"
        },
        "pytest": {
            "hashes": [
                "sha256:0453c8676c2bee6feb0434748b068d5510273a916295fd61d306c4f22fbfd752",
                "sha256:4b208614ae6d98195430ad6bde03641c78553acee7c83cec2e85d613c0cd383d"
            ],
            "version": "==3.6.3"
        },
        "pytest-django": {
            "hashes": [
                "sha256:5346cd35c58789ce8dba788d6d296d34a02d8acc814409de98cfa4066cd4df93",
                "sha256:6046c19386788717da8d28a1245a11e7f176026f1914de152eb0e081c9aac28a"
            ],
            "index": "pypi",
            "version": "==2.6.2"
        },
        "pytest-random": {
            "hashes": [
                "sha256:92f25db8c5d9ffc20d90b51997b914372d6955cb9cf1f6ead45b90514fc0eddd"
            ],
            "index": "pypi",
            "version": "==0.2"
        },
        "raven": {
            "hashes": [
                "sha256:8273a7c9da86c9d66220ad36c0da59e4c65baa54d1510da3a513449f7042ab18"
            ],
            "index": "pypi",
            "version": "==4.0.2"
        },
        "simplejson": {
            "hashes": [
                "sha256:054926f2a16e3f1974e4f70bc2c640e4566becf3103ecf4342fa9fb1eb3ba1d8"
            ],
            "index": "pypi",
            "version": "==3.3.1"
        },
        "six": {
            "hashes": [
                "sha256:70e8a77beed4562e7f14fe23a786b54f6296e34344c23bc42f07b15018ff98e9",
                "sha256:832dc0e10feb1aa2c68dcc57dbb658f1c7e65b9b61af69048abc87a2db00a0eb"
            ],
            "version": "==1.11.0"
        },
        "south": {
            "hashes": [
                "sha256:db615855662101f9eae8d15e77bc23b710fe8891dc9fe82e8dc57710e61aec37"
            ],
            "index": "pypi",
            "version": "==0.7.5"
        },
        "ssh": {
            "hashes": [
                "sha256:b0aca1faf8a12e6aae24ab9cfae90d061a8741b680c8afad21da6ff8b8ae28d7"
            ],
            "version": "==1.8.0"
        },
        "tweepy": {
            "hashes": [
                "sha256:557b598b1c241afbe5efc5f28f46326dc58c85efb42270563b33bca3b6e33fc7",
                "sha256:5d7b0595f09489190af835ffb854115c8bd9b745de9ffc55bfc2a19500b7fd40",
                "sha256:a83466f2021730b0f8a6c698b53961920148be586ec42f2b6b76babf3577ebb8"
            ],
            "index": "pypi",
            "version": "==2.1"
        },
        "wsgiref": {
            "hashes": [
                "sha256:5e41d89a25465ec65f0f8caf09a2225cf71cfa78b208418177fc2a9420eb51f2",
                "sha256:a8fb9fc452e52b175bb2e0f03f6a640d5efbec2ee23d23464590b1b86d324d4b",
                "sha256:c7e610c800957046c04c8014aab8cce8f0b9f0495c8cd349e57c1f7cabf40e79"
            ],
            "index": "pypi",
            "version": "==0.1.2"
        }
    },
    "develop": {}
}
