{
    "_meta": {
        "hash": {
            "sha256": "ca0875f3943384e01ca92eeb4a8ad91420da44e0d13416a4f26c25ea3fc3560e"
        },
        "pipfile-spec": 6,
        "requires": {
            "python_version": "2.7"
        },
        "sources": [
            {
                "name": "pypi",
                "url": "https://pypi.python.org/simple",
                "verify_ssl": true
            }
        ]
    },
    "default": {
        "atomicwrites": {
            "hashes": [
                "sha256:6d1784dea7c0c8d4a5172b6c620f40b6e4cbfdf96d783691f2e1302a7b88e197",
                "sha256:ae70396ad1a434f9c7046fd2dd196fc04b12f9e91ffb859164193be8b6168a7a"
            ],
            "version": "==1.4.0"
        },
        "attrs": {
            "hashes": [
                "sha256:08a96c641c3a74e44eb59afb61a24f2cb9f4d7188748e76ba4bb5edfa3cb7d1c",
                "sha256:f7b7ce16570fe9965acd6d30101a28f62fb4a7f9e926b3bbc9b61f8b04247e72"
            ],
            "version": "==19.3.0"
        },
        "backports.functools-lru-cache": {
            "hashes": [
                "sha256:0bada4c2f8a43d533e4ecb7a12214d9420e66eb206d54bf2d682581ca4b80848",
                "sha256:8fde5f188da2d593bd5bc0be98d9abc46c95bb8a9dde93429570192ee6cc2d4a"
            ],
            "markers": "python_version < '3.2'",
            "version": "==1.6.1"
        },
        "configparser": {
            "hashes": [
                "sha256:254c1d9c79f60c45dfde850850883d5aaa7f19a23f13561243a050d5a7c3fe4c",
                "sha256:c7d282687a5308319bf3d2e7706e575c635b0a470342641c93bea0ea3b5331df"
            ],
            "markers": "python_version < '3'",
            "version": "==4.0.2"
        },
        "contextlib2": {
            "hashes": [
                "sha256:01f490098c18b19d2bd5bb5dc445b2054d2fa97f09a4280ba2c5f3c394c8162e",
                "sha256:3355078a159fbb44ee60ea80abd0d87b80b78c248643b49aa6d94673b413609b"
            ],
            "markers": "python_version < '3'",
            "version": "==0.6.0.post1"
        },
        "django": {
            "hashes": [
                "sha256:014e3392058d94f40569206a24523ce254d55ad2f9f46c6550b0fe2e4f94cf3f",
                "sha256:4200aefb6678019a0acf0005cd14cfce3a5e6b9b90d06145fcdd2e474ad4329c"
            ],
            "index": "pypi",
            "version": "==1.11.29"
        },
        "django-debug-toolbar": {
            "hashes": [
                "sha256:d6bc217b672ddf0e729f76da2df1d4a50d45f1c934239851f7f7ae6a51201f4b"
            ],
            "index": "pypi",
            "version": "==0.9.4"
        },
        "django-markup-deprecated": {
            "hashes": [
                "sha256:9f3d184be85e97cf8e46b7ee450a224b3562fb8311c6243cb534008fd4589542"
            ],
            "index": "pypi",
            "version": "==0.0.3"
        },
        "django-sendmail-backend": {
            "hashes": [
                "sha256:2d077f602aaa37633acdbf35f28f5799d6b57c8bc2122d193762d70c7d92b3ad"
            ],
            "index": "pypi",
            "version": "==0.1.2"
        },
        "django-xmlrpc": {
            "hashes": [
                "sha256:16384a5115e9407b0e1df1b4a950a974fcdd8cd49aaea1a4508e4111a1b7febb"
            ],
            "index": "pypi",
            "version": "==0.1.4"
        },
        "docutils": {
            "hashes": [
                "sha256:e89f187dbbc6674f839239c89fec44af9f18809b66a8a55a41b57b9ee2356994"
            ],
            "index": "pypi",
            "version": "==0.9.1"
        },
        "fabric": {
            "hashes": [
                "sha256:e81c7d510ff8d9334d0fd8993c931e3ee759883d00cf29d1eecd4c6ca6d82029"
            ],
            "index": "pypi",
            "version": "==1.4.3"
        },
        "flup": {
            "hashes": [
                "sha256:6649cf41854ea8782c795cdde64fdf79a90db821533d3652f91d21b0a7f39c79"
            ],
            "index": "pypi",
            "version": "==1.0.3.dev20110405"
        },
        "funcsigs": {
            "hashes": [
                "sha256:330cc27ccbf7f1e992e69fef78261dc7c6569012cf397db8d3de0234e6c937ca",
                "sha256:a7bb0f2cf3a3fd1ab2732cb49eba4252c2af4240442415b4abce3b87022a8f50"
            ],
            "markers": "python_version < '3.0'",
            "version": "==1.0.2"
        },
        "importlib-metadata": {
            "hashes": [
                "sha256:2a688cbaa90e0cc587f1df48bdc97a6eadccdcd9c35fb3f976a09e3b5016d90f",
                "sha256:34513a8a0c4962bc66d35b359558fd8a5e10cd472d37aec5f66858addef32c1e"
            ],
            "markers": "python_version < '3.8'",
            "version": "==1.6.0"
        },
        "lxml": {
            "hashes": [
                "sha256:d019a6a49cf02d9cc09eb0b0884191ccf8c0a37670d2c07e1b6741b78887171c"
            ],
            "index": "pypi",
            "version": "==3.3.0b2"
        },
        "more-itertools": {
            "hashes": [
                "sha256:38a936c0a6d98a38bcc2d03fdaaedaba9f412879461dd2ceff8d37564d6522e4",
                "sha256:c0a5785b1109a6bd7fac76d6837fd1feca158e54e521ccd2ae8bfe393cc9d4fc",
                "sha256:fe7a7cae1ccb57d33952113ff4fa1bc5f879963600ed74918f1236e212ee50b9"
            ],
            "markers": "python_version <= '2.7'",
            "version": "==5.0.0"
        },
        "mysql-python": {
            "hashes": [
                "sha256:7de66fbbf923634e7c965aeaefa74642ba75ae20ee1cefcefc3009595b7a7e6e"
            ],
            "index": "pypi",
            "version": "==1.2.3"
        },
        "packaging": {
            "hashes": [
                "sha256:4357f74f47b9c12db93624a82154e9b120fa8293699949152b22065d556079f8",
                "sha256:998416ba6962ae7fbd6596850b80e17859a5753ba17c32284f67bfff33784181"
            ],
            "version": "==20.4"
        },
        "pathlib2": {
            "hashes": [
                "sha256:0ec8205a157c80d7acc301c0b18fbd5d44fe655968f5d947b6ecef5290fc35db",
                "sha256:6cd9a47b597b37cc57de1c05e56fb1a1c9cc9fab04fe78c29acd090418529868"
            ],
            "markers": "python_version < '3.6'",
            "version": "==2.3.5"
        },
        "pluggy": {
            "hashes": [
                "sha256:15b2acde666561e1298d71b523007ed7364de07029219b604cf808bfa1c765b0",
                "sha256:966c145cd83c96502c3c3868f50408687b38434af77734af1e9ca461a4081d2d"
            ],
            "version": "==0.13.1"
        },
        "py": {
            "hashes": [
                "sha256:5e27081401262157467ad6e7f851b7aa402c5852dbcb3dae06768434de5752aa",
                "sha256:c20fdd83a5dbc0af9efd622bee9a5564e278f6380fffcacc43ba6f43db2813b0"
            ],
            "version": "==1.8.1"
        },
        "pycrypto": {
            "hashes": [
                "sha256:f2ce1e989b272cfcb677616763e0a2e7ec659effa67a88aa92b3a65528f60a3c"
            ],
            "version": "==2.6.1"
        },
        "pyparsing": {
            "hashes": [
                "sha256:c203ec8783bf771a155b207279b9bccb8dea02d8f0c9e5f8ead507bc3246ecc1",
                "sha256:ef9d7589ef3c200abe66653d3f1ab1033c3c419ae9b9bdb1240a85b024efc88b"
            ],
            "version": "==2.4.7"
        },
        "pytest": {
            "hashes": [
                "sha256:50fa82392f2120cc3ec2ca0a75ee615be4c479e66669789771f1758332be4353",
                "sha256:a00a7d79cbbdfa9d21e7d0298392a8dd4123316bfac545075e6f8f24c94d8c97"
            ],
            "version": "==4.6.11"
        },
        "pytest-django": {
            "hashes": [
                "sha256:5346cd35c58789ce8dba788d6d296d34a02d8acc814409de98cfa4066cd4df93",
                "sha256:6046c19386788717da8d28a1245a11e7f176026f1914de152eb0e081c9aac28a"
            ],
            "index": "pypi",
            "version": "==2.6.2"
        },
        "pytest-random": {
            "hashes": [
                "sha256:92f25db8c5d9ffc20d90b51997b914372d6955cb9cf1f6ead45b90514fc0eddd"
            ],
            "index": "pypi",
            "version": "==0.2"
        },
        "pytz": {
            "hashes": [
                "sha256:a494d53b6d39c3c6e44c3bec237336e14305e4f29bbf800b599253057fbb79ed",
                "sha256:c35965d010ce31b23eeb663ed3cc8c906275d6be1a34393a1d73a41febf4a048"
            ],
            "version": "==2020.1"
        },
        "raven": {
            "hashes": [
                "sha256:8273a7c9da86c9d66220ad36c0da59e4c65baa54d1510da3a513449f7042ab18"
            ],
            "index": "pypi",
            "version": "==4.0.2"
        },
        "scandir": {
            "hashes": [
                "sha256:2586c94e907d99617887daed6c1d102b5ca28f1085f90446554abf1faf73123e",
                "sha256:2ae41f43797ca0c11591c0c35f2f5875fa99f8797cb1a1fd440497ec0ae4b022",
                "sha256:2b8e3888b11abb2217a32af0766bc06b65cc4a928d8727828ee68af5a967fa6f",
                "sha256:2c712840c2e2ee8dfaf36034080108d30060d759c7b73a01a52251cc8989f11f",
                "sha256:4d4631f6062e658e9007ab3149a9b914f3548cb38bfb021c64f39a025ce578ae",
                "sha256:67f15b6f83e6507fdc6fca22fedf6ef8b334b399ca27c6b568cbfaa82a364173",
                "sha256:7d2d7a06a252764061a020407b997dd036f7bd6a175a5ba2b345f0a357f0b3f4",
                "sha256:8c5922863e44ffc00c5c693190648daa6d15e7c1207ed02d6f46a8dcc2869d32",
                "sha256:92c85ac42f41ffdc35b6da57ed991575bdbe69db895507af88b9f499b701c188",
                "sha256:b24086f2375c4a094a6b51e78b4cf7ca16c721dcee2eddd7aa6494b42d6d519d",
                "sha256:cb925555f43060a1745d0a321cca94bcea927c50114b623d73179189a4e100ac"
            ],
            "markers": "python_version < '3.5'",
            "version": "==1.10.0"
        },
        "simplejson": {
            "hashes": [
                "sha256:054926f2a16e3f1974e4f70bc2c640e4566becf3103ecf4342fa9fb1eb3ba1d8"
            ],
            "index": "pypi",
            "version": "==3.3.1"
        },
        "six": {
            "hashes": [
                "sha256:30639c035cdb23534cd4aa2dd52c3bf48f06e5f4a941509c8bafd8ce11080259",
                "sha256:8b74bedcbbbaca38ff6d7491d76f2b06b3592611af620f8426e82dddb04a5ced"
            ],
            "version": "==1.15.0"
        },
        "south": {
            "hashes": [
                "sha256:db615855662101f9eae8d15e77bc23b710fe8891dc9fe82e8dc57710e61aec37"
            ],
            "index": "pypi",
            "version": "==0.7.5"
        },
        "ssh": {
            "hashes": [
                "sha256:b0aca1faf8a12e6aae24ab9cfae90d061a8741b680c8afad21da6ff8b8ae28d7"
            ],
            "version": "==1.8.0"
        },
        "tweepy": {
            "hashes": [
                "sha256:557b598b1c241afbe5efc5f28f46326dc58c85efb42270563b33bca3b6e33fc7"
            ],
            "index": "pypi",
            "version": "==2.1"
        },
        "wcwidth": {
            "hashes": [
                "sha256:980fbf4f3c196c0f329cdcd1e84c554d6a211f18e252e525a0cf4223154a41d6",
                "sha256:edbc2b718b4db6cdf393eefe3a420183947d6aa312505ce6754516f458ff8830"
            ],
            "version": "==0.2.3"
        },
        "wsgiref": {
            "hashes": [
                "sha256:c7e610c800957046c04c8014aab8cce8f0b9f0495c8cd349e57c1f7cabf40e79"
            ],
            "index": "pypi",
            "version": "==0.1.2"
        },
        "zipp": {
            "hashes": [
                "sha256:c70410551488251b0fee67b460fb9a536af8d6f9f008ad10ac51f615b6a521b1",
                "sha256:e0d9e63797e483a30d27e09fffd308c59a700d365ec34e93cc100844168bf921"
            ],
            "version": "==1.2.0"
        }
    },
    "develop": {}
}
